
Microsoft Visual Studio Solution File, Format Version 12.00
# Visual Studio Version 17
VisualStudioVersion = 17.9.34622.214
MinimumVisualStudioVersion = 10.0.40219.1
Project("{FAE04EC0-301F-11D3-BF4B-00C04F79EFBC}") = "Omegahash", "Omegahash.csproj", "{DCDB8E5F-F6D0-4E42-A9BF-89672AC49758}"
EndProject
Global
	GlobalSection(SolutionConfigurationPlatforms) = preSolution
		Debug|Any CPU = Debug|Any CPU
		Release|Any CPU = Release|Any CPU
	EndGlobalSection
	GlobalSection(ProjectConfigurationPlatforms) = postSolution
		{DCDB8E5F-F6D0-4E42-A9BF-89672AC49758}.Debug|Any CPU.ActiveCfg = Debug|Any CPU
		{DCDB8E5F-F6D0-4E42-A9BF-89672AC49758}.Debug|Any CPU.Build.0 = Debug|Any CPU
		{DCDB8E5F-F6D0-4E42-A9BF-89672AC49758}.Release|Any CPU.ActiveCfg = Release|Any CPU
		{DCDB8E5F-F6D0-4E42-A9BF-89672AC49758}.Release|Any CPU.Build.0 = Release|Any CPU
	EndGlobalSection
	GlobalSection(SolutionProperties) = preSolution
		HideSolutionNode = FALSE
	EndGlobalSection
	GlobalSection(ExtensibilityGlobals) = postSolution
		SolutionGuid = {D46ECA36-B9B7-4562-80B7-C64AF9B0C036}
	EndGlobalSection
EndGlobal
